
Microsoft Visual Studio Solution File, Format Version 12.00
# Visual Studio Version 17
VisualStudioVersion = 17.5.33424.131
MinimumVisualStudioVersion = 10.0.40219.1
Project("{FAE04EC0-301F-11D3-BF4B-00C04F79EFBC}") = "Budget.WebApi", "Budget.WebApi\Budget.WebApi.csproj", "{264AEC55-47A1-49DF-BEBE-C6A9B529C25E}"
	ProjectSection(ProjectDependencies) = postProject
		{CCA255D5-1C03-48EF-B988-F05D028158F7} = {CCA255D5-1C03-48EF-B988-F05D028158F7}
	EndProjectSection
EndProject
Project("{FAE04EC0-301F-11D3-BF4B-00C04F79EFBC}") = "Budget.Service", "Budget.Service\Budget.Service.csproj", "{CEC438C2-80A4-496E-9234-B4AD6213447B}"
	ProjectSection(ProjectDependencies) = postProject
		{CCA255D5-1C03-48EF-B988-F05D028158F7} = {CCA255D5-1C03-48EF-B988-F05D028158F7}
	EndProjectSection
EndProject
Project("{FAE04EC0-301F-11D3-BF4B-00C04F79EFBC}") = "Budget.Model", "Budget.Model\Budget.Model.csproj", "{240FB95D-11F4-4C58-B3E6-F74F79BCDB1E}"
EndProject
Project("{FAE04EC0-301F-11D3-BF4B-00C04F79EFBC}") = "Budget.Model.Common", "Budget.Model.Common\Budget.Model.Common.csproj", "{C5DEF8F5-9EDB-4D30-A7DF-53C96476031E}"
EndProject
Project("{FAE04EC0-301F-11D3-BF4B-00C04F79EFBC}") = "Budget.Repository", "Budget.Repository\Budget.Repository.csproj", "{E9361A1E-B02A-4F07-9FBB-41435E9509D5}"
	ProjectSection(ProjectDependencies) = postProject
		{CCA255D5-1C03-48EF-B988-F05D028158F7} = {CCA255D5-1C03-48EF-B988-F05D028158F7}
	EndProjectSection
EndProject
Project("{FAE04EC0-301F-11D3-BF4B-00C04F79EFBC}") = "Budget.Repository.Common", "Budget.Repository.Common\Budget.Repository.Common.csproj", "{3D0C9AA7-C62F-4052-AE76-7328D5691842}"
	ProjectSection(ProjectDependencies) = postProject
		{CCA255D5-1C03-48EF-B988-F05D028158F7} = {CCA255D5-1C03-48EF-B988-F05D028158F7}
	EndProjectSection
EndProject
Project("{FAE04EC0-301F-11D3-BF4B-00C04F79EFBC}") = "Budget.Service.Common", "Budget.Service.Common\Budget.Service.Common.csproj", "{4C7963A6-CF41-4A7E-985D-69ED3564B298}"
	ProjectSection(ProjectDependencies) = postProject
		{CCA255D5-1C03-48EF-B988-F05D028158F7} = {CCA255D5-1C03-48EF-B988-F05D028158F7}
	EndProjectSection
EndProject
Project("{FAE04EC0-301F-11D3-BF4B-00C04F79EFBC}") = "Budget.Common", "Budget.Common\Budget.Common.csproj", "{CCA255D5-1C03-48EF-B988-F05D028158F7}"
EndProject
Project("{FAE04EC0-301F-11D3-BF4B-00C04F79EFBC}") = "Budget.DAL", "Budget.DAL\Budget.DAL.csproj", "{3935C9EB-3B09-4A63-9257-E5F36CBB7549}"
EndProject
Global
	GlobalSection(SolutionConfigurationPlatforms) = preSolution
		Debug|Any CPU = Debug|Any CPU
		Release|Any CPU = Release|Any CPU
	EndGlobalSection
	GlobalSection(ProjectConfigurationPlatforms) = postSolution
		{264AEC55-47A1-49DF-BEBE-C6A9B529C25E}.Debug|Any CPU.ActiveCfg = Debug|Any CPU
		{264AEC55-47A1-49DF-BEBE-C6A9B529C25E}.Debug|Any CPU.Build.0 = Debug|Any CPU
		{264AEC55-47A1-49DF-BEBE-C6A9B529C25E}.Release|Any CPU.ActiveCfg = Release|Any CPU
		{264AEC55-47A1-49DF-BEBE-C6A9B529C25E}.Release|Any CPU.Build.0 = Release|Any CPU
		{CEC438C2-80A4-496E-9234-B4AD6213447B}.Debug|Any CPU.ActiveCfg = Debug|Any CPU
		{CEC438C2-80A4-496E-9234-B4AD6213447B}.Debug|Any CPU.Build.0 = Debug|Any CPU
		{CEC438C2-80A4-496E-9234-B4AD6213447B}.Release|Any CPU.ActiveCfg = Release|Any CPU
		{CEC438C2-80A4-496E-9234-B4AD6213447B}.Release|Any CPU.Build.0 = Release|Any CPU
		{240FB95D-11F4-4C58-B3E6-F74F79BCDB1E}.Debug|Any CPU.ActiveCfg = Debug|Any CPU
		{240FB95D-11F4-4C58-B3E6-F74F79BCDB1E}.Debug|Any CPU.Build.0 = Debug|Any CPU
		{240FB95D-11F4-4C58-B3E6-F74F79BCDB1E}.Release|Any CPU.ActiveCfg = Release|Any CPU
		{240FB95D-11F4-4C58-B3E6-F74F79BCDB1E}.Release|Any CPU.Build.0 = Release|Any CPU
		{C5DEF8F5-9EDB-4D30-A7DF-53C96476031E}.Debug|Any CPU.ActiveCfg = Debug|Any CPU
		{C5DEF8F5-9EDB-4D30-A7DF-53C96476031E}.Debug|Any CPU.Build.0 = Debug|Any CPU
		{C5DEF8F5-9EDB-4D30-A7DF-53C96476031E}.Release|Any CPU.ActiveCfg = Release|Any CPU
		{C5DEF8F5-9EDB-4D30-A7DF-53C96476031E}.Release|Any CPU.Build.0 = Release|Any CPU
		{E9361A1E-B02A-4F07-9FBB-41435E9509D5}.Debug|Any CPU.ActiveCfg = Debug|Any CPU
		{E9361A1E-B02A-4F07-9FBB-41435E9509D5}.Debug|Any CPU.Build.0 = Debug|Any CPU
		{E9361A1E-B02A-4F07-9FBB-41435E9509D5}.Release|Any CPU.ActiveCfg = Release|Any CPU
		{E9361A1E-B02A-4F07-9FBB-41435E9509D5}.Release|Any CPU.Build.0 = Release|Any CPU
		{3D0C9AA7-C62F-4052-AE76-7328D5691842}.Debug|Any CPU.ActiveCfg = Debug|Any CPU
		{3D0C9AA7-C62F-4052-AE76-7328D5691842}.Debug|Any CPU.Build.0 = Debug|Any CPU
		{3D0C9AA7-C62F-4052-AE76-7328D5691842}.Release|Any CPU.ActiveCfg = Release|Any CPU
		{3D0C9AA7-C62F-4052-AE76-7328D5691842}.Release|Any CPU.Build.0 = Release|Any CPU
		{4C7963A6-CF41-4A7E-985D-69ED3564B298}.Debug|Any CPU.ActiveCfg = Debug|Any CPU
		{4C7963A6-CF41-4A7E-985D-69ED3564B298}.Debug|Any CPU.Build.0 = Debug|Any CPU
		{4C7963A6-CF41-4A7E-985D-69ED3564B298}.Release|Any CPU.ActiveCfg = Release|Any CPU
		{4C7963A6-CF41-4A7E-985D-69ED3564B298}.Release|Any CPU.Build.0 = Release|Any CPU
		{CCA255D5-1C03-48EF-B988-F05D028158F7}.Debug|Any CPU.ActiveCfg = Debug|Any CPU
		{CCA255D5-1C03-48EF-B988-F05D028158F7}.Debug|Any CPU.Build.0 = Debug|Any CPU
		{CCA255D5-1C03-48EF-B988-F05D028158F7}.Release|Any CPU.ActiveCfg = Release|Any CPU
		{CCA255D5-1C03-48EF-B988-F05D028158F7}.Release|Any CPU.Build.0 = Release|Any CPU
		{3935C9EB-3B09-4A63-9257-E5F36CBB7549}.Debug|Any CPU.ActiveCfg = Debug|Any CPU
		{3935C9EB-3B09-4A63-9257-E5F36CBB7549}.Debug|Any CPU.Build.0 = Debug|Any CPU
		{3935C9EB-3B09-4A63-9257-E5F36CBB7549}.Release|Any CPU.ActiveCfg = Release|Any CPU
		{3935C9EB-3B09-4A63-9257-E5F36CBB7549}.Release|Any CPU.Build.0 = Release|Any CPU
	EndGlobalSection
	GlobalSection(SolutionProperties) = preSolution
		HideSolutionNode = FALSE
	EndGlobalSection
	GlobalSection(ExtensibilityGlobals) = postSolution
		SolutionGuid = {008CC69E-BED3-4F33-B08B-899C6B5B103B}
	EndGlobalSection
EndGlobal
