
Microsoft Visual Studio Solution File, Format Version 12.00
# Visual Studio Version 17
VisualStudioVersion = 17.5.33424.131
MinimumVisualStudioVersion = 10.0.40219.1
Project("{FAE04EC0-301F-11D3-BF4B-00C04F79EFBC}") = "Aukcije.WebApi", "Aukcije.WebApi\Aukcije.WebApi.csproj", "{96C046C1-AF94-48A4-8F4C-73D653D45C9C}"
EndProject
Project("{FAE04EC0-301F-11D3-BF4B-00C04F79EFBC}") = "Budget", "Budget\Budget.csproj", "{264AEC55-47A1-49DF-BEBE-C6A9B529C25E}"
EndProject
Global
	GlobalSection(SolutionConfigurationPlatforms) = preSolution
		Debug|Any CPU = Debug|Any CPU
		Release|Any CPU = Release|Any CPU
	EndGlobalSection
	GlobalSection(ProjectConfigurationPlatforms) = postSolution
		{96C046C1-AF94-48A4-8F4C-73D653D45C9C}.Debug|Any CPU.ActiveCfg = Debug|Any CPU
		{96C046C1-AF94-48A4-8F4C-73D653D45C9C}.Debug|Any CPU.Build.0 = Debug|Any CPU
		{96C046C1-AF94-48A4-8F4C-73D653D45C9C}.Release|Any CPU.ActiveCfg = Release|Any CPU
		{96C046C1-AF94-48A4-8F4C-73D653D45C9C}.Release|Any CPU.Build.0 = Release|Any CPU
		{264AEC55-47A1-49DF-BEBE-C6A9B529C25E}.Debug|Any CPU.ActiveCfg = Debug|Any CPU
		{264AEC55-47A1-49DF-BEBE-C6A9B529C25E}.Debug|Any CPU.Build.0 = Debug|Any CPU
		{264AEC55-47A1-49DF-BEBE-C6A9B529C25E}.Release|Any CPU.ActiveCfg = Release|Any CPU
		{264AEC55-47A1-49DF-BEBE-C6A9B529C25E}.Release|Any CPU.Build.0 = Release|Any CPU
	EndGlobalSection
	GlobalSection(SolutionProperties) = preSolution
		HideSolutionNode = FALSE
	EndGlobalSection
	GlobalSection(ExtensibilityGlobals) = postSolution
		SolutionGuid = {008CC69E-BED3-4F33-B08B-899C6B5B103B}
	EndGlobalSection
EndGlobal
